
Microsoft Visual Studio Solution File, Format Version 11.00
# Visual Studio 2010
Project("{FAE04EC0-301F-11D3-BF4B-00C04F79EFBC}") = "GridBasedAssetPlacing", "Assembly-CSharp-firstpass.csproj", "{6907A202-7881-8FE0-4A1E-6736FD0C6CC9}"
EndProject
Project("{FAE04EC0-301F-11D3-BF4B-00C04F79EFBC}") = "GridBasedAssetPlacing", "Assembly-CSharp.csproj", "{73CF9BB7-28D8-50D2-D23E-8694E7E07B26}"
EndProject
Project("{FAE04EC0-301F-11D3-BF4B-00C04F79EFBC}") = "GridBasedAssetPlacing", "Assembly-CSharp-Editor-firstpass.csproj", "{D2C76062-21B5-C8B6-E475-BAA2EA58FDBF}"
EndProject
Global
	GlobalSection(SolutionConfigurationPlatforms) = preSolution
		Debug|Any CPU = Debug|Any CPU
		Release|Any CPU = Release|Any CPU
	EndGlobalSection
	GlobalSection(ProjectConfigurationPlatforms) = postSolution
		{6907A202-7881-8FE0-4A1E-6736FD0C6CC9}.Debug|Any CPU.ActiveCfg = Debug|Any CPU
		{6907A202-7881-8FE0-4A1E-6736FD0C6CC9}.Debug|Any CPU.Build.0 = Debug|Any CPU
		{6907A202-7881-8FE0-4A1E-6736FD0C6CC9}.Release|Any CPU.ActiveCfg = Release|Any CPU
		{6907A202-7881-8FE0-4A1E-6736FD0C6CC9}.Release|Any CPU.Build.0 = Release|Any CPU
		{73CF9BB7-28D8-50D2-D23E-8694E7E07B26}.Debug|Any CPU.ActiveCfg = Debug|Any CPU
		{73CF9BB7-28D8-50D2-D23E-8694E7E07B26}.Debug|Any CPU.Build.0 = Debug|Any CPU
		{73CF9BB7-28D8-50D2-D23E-8694E7E07B26}.Release|Any CPU.ActiveCfg = Release|Any CPU
		{73CF9BB7-28D8-50D2-D23E-8694E7E07B26}.Release|Any CPU.Build.0 = Release|Any CPU
		{D2C76062-21B5-C8B6-E475-BAA2EA58FDBF}.Debug|Any CPU.ActiveCfg = Debug|Any CPU
		{D2C76062-21B5-C8B6-E475-BAA2EA58FDBF}.Debug|Any CPU.Build.0 = Debug|Any CPU
		{D2C76062-21B5-C8B6-E475-BAA2EA58FDBF}.Release|Any CPU.ActiveCfg = Release|Any CPU
		{D2C76062-21B5-C8B6-E475-BAA2EA58FDBF}.Release|Any CPU.Build.0 = Release|Any CPU
	EndGlobalSection
	GlobalSection(SolutionProperties) = preSolution
		HideSolutionNode = FALSE
	EndGlobalSection
	GlobalSection(MonoDevelopProperties) = preSolution
		StartupItem = Assembly-CSharp.csproj
	EndGlobalSection
EndGlobal
